
Microsoft Visual Studio Solution File, Format Version 12.00
# Visual Studio Version 17
VisualStudioVersion = 17.3.32819.101
MinimumVisualStudioVersion = 10.0.40219.1
Project("{FAE04EC0-301F-11D3-BF4B-00C04F79EFBC}") = "kap.2", "kap.2\kap.2.csproj", "{8F52F668-B687-4167-B5A3-C7F12A26DE8B}"
EndProject
Global
	GlobalSection(SolutionConfigurationPlatforms) = preSolution
		Debug|Any CPU = Debug|Any CPU
		Release|Any CPU = Release|Any CPU
	EndGlobalSection
	GlobalSection(ProjectConfigurationPlatforms) = postSolution
		{8F52F668-B687-4167-B5A3-C7F12A26DE8B}.Debug|Any CPU.ActiveCfg = Debug|Any CPU
		{8F52F668-B687-4167-B5A3-C7F12A26DE8B}.Debug|Any CPU.Build.0 = Debug|Any CPU
		{8F52F668-B687-4167-B5A3-C7F12A26DE8B}.Release|Any CPU.ActiveCfg = Release|Any CPU
		{8F52F668-B687-4167-B5A3-C7F12A26DE8B}.Release|Any CPU.Build.0 = Release|Any CPU
	EndGlobalSection
	GlobalSection(SolutionProperties) = preSolution
		HideSolutionNode = FALSE
	EndGlobalSection
	GlobalSection(ExtensibilityGlobals) = postSolution
		SolutionGuid = {5E89A423-FAB7-43EF-9EFE-81E4BF9FF9EB}
	EndGlobalSection
EndGlobal
